{
  "R": {
    "Version": "4.2.2",
    "Repositories": [
      {
        "Name": "carpentries",
        "URL": "https://carpentries.r-universe.dev"
      },
      {
        "Name": "carpentries_archive",
        "URL": "https://carpentries.github.io/drat"
      },
      {
        "Name": "CRAN",
        "URL": "https://cran.rstudio.com"
      }
    ]
  },
  "Packages": {
    "R6": {
      "Package": "R6",
      "Version": "2.5.1",
      "Source": "Repository",
      "Repository": "CRAN",
      "Requirements": [
        "R"
      ],
      "Hash": "470851b6d5d0ac559e9d01bb352b4021"
    },
    "callr": {
      "Package": "callr",
      "Version": "3.7.3",
      "Source": "Repository",
      "Repository": "CRAN",
      "Requirements": [
        "R",
        "R6",
        "processx",
        "utils"
      ],
      "Hash": "9b2191ede20fa29828139b9900922e51"
    },
    "processx": {
      "Package": "processx",
      "Version": "3.8.0",
      "Source": "Repository",
      "Repository": "CRAN",
      "Requirements": [
        "R",
        "R6",
        "ps",
        "utils"
      ],
      "Hash": "a33ee2d9bf07564efb888ad98410da84"
    },
    "ps": {
      "Package": "ps",
      "Version": "1.7.3",
      "Source": "Repository",
      "Repository": "CRAN",
      "Requirements": [
        "R",
        "utils"
      ],
      "Hash": "ebaacc87f539b1100e285e9e5d6496ad"
    },
    "renv": {
      "Package": "renv",
      "Version": "1.0.0",
      "Source": "Repository"
    }
  }
}
